
Microsoft Visual Studio Solution File, Format Version 12.00
# Visual Studio Version 17
VisualStudioVersion = 17.13.35828.75 d17.13
MinimumVisualStudioVersion = 10.0.40219.1
Project("{FAE04EC0-301F-11D3-BF4B-00C04F79EFBC}") = "ServicesAndDepedencyInjectionApp", "ServicesAndDepedencyInjectionApp\ServicesAndDepedencyInjectionApp.csproj", "{7A470836-4FC0-4DD2-95BD-FC5E26174726}"
EndProject
Global
	GlobalSection(SolutionConfigurationPlatforms) = preSolution
		Debug|Any CPU = Debug|Any CPU
		Release|Any CPU = Release|Any CPU
	EndGlobalSection
	GlobalSection(ProjectConfigurationPlatforms) = postSolution
		{7A470836-4FC0-4DD2-95BD-FC5E26174726}.Debug|Any CPU.ActiveCfg = Debug|Any CPU
		{7A470836-4FC0-4DD2-95BD-FC5E26174726}.Debug|Any CPU.Build.0 = Debug|Any CPU
		{7A470836-4FC0-4DD2-95BD-FC5E26174726}.Release|Any CPU.ActiveCfg = Release|Any CPU
		{7A470836-4FC0-4DD2-95BD-FC5E26174726}.Release|Any CPU.Build.0 = Release|Any CPU
	EndGlobalSection
	GlobalSection(SolutionProperties) = preSolution
		HideSolutionNode = FALSE
	EndGlobalSection
	GlobalSection(ExtensibilityGlobals) = postSolution
		SolutionGuid = {D4F3EBA4-A9D9-49CB-94CE-2F910CC8D5F9}
	EndGlobalSection
EndGlobal
